
Microsoft Visual Studio Solution File, Format Version 12.00
# Visual Studio Version 17
VisualStudioVersion = 17.9.34728.123
MinimumVisualStudioVersion = 10.0.40219.1
Project("{9A19103F-16F7-4668-BE54-9A1E7A4F7556}") = "HIDROCEC_SystemData", "HIDROCEC_SystemData\HIDROCEC_SystemData\HIDROCEC_SystemData.csproj", "{C2B6E807-4269-4803-A869-EA92E1E381CB}"
EndProject
Project("{9A19103F-16F7-4668-BE54-9A1E7A4F7556}") = "HIDROCEC_SystemData.Client", "HIDROCEC_SystemData\HIDROCEC_SystemData.Client\HIDROCEC_SystemData.Client.csproj", "{AB834C81-E3A2-4B57-8A95-603B83C35BC4}"
EndProject
Project("{FAE04EC0-301F-11D3-BF4B-00C04F79EFBC}") = "HIDROCEC_SystemData.Shared", "HIDROCEC_SystemData.Shared\HIDROCEC_SystemData.Shared.csproj", "{EF9CF54F-6E80-453C-B4BD-20C18B7821E9}"
EndProject
Global
	GlobalSection(SolutionConfigurationPlatforms) = preSolution
		Debug|Any CPU = Debug|Any CPU
		Release|Any CPU = Release|Any CPU
	EndGlobalSection
	GlobalSection(ProjectConfigurationPlatforms) = postSolution
		{C2B6E807-4269-4803-A869-EA92E1E381CB}.Debug|Any CPU.ActiveCfg = Debug|Any CPU
		{C2B6E807-4269-4803-A869-EA92E1E381CB}.Debug|Any CPU.Build.0 = Debug|Any CPU
		{C2B6E807-4269-4803-A869-EA92E1E381CB}.Release|Any CPU.ActiveCfg = Release|Any CPU
		{C2B6E807-4269-4803-A869-EA92E1E381CB}.Release|Any CPU.Build.0 = Release|Any CPU
		{AB834C81-E3A2-4B57-8A95-603B83C35BC4}.Debug|Any CPU.ActiveCfg = Debug|Any CPU
		{AB834C81-E3A2-4B57-8A95-603B83C35BC4}.Debug|Any CPU.Build.0 = Debug|Any CPU
		{AB834C81-E3A2-4B57-8A95-603B83C35BC4}.Release|Any CPU.ActiveCfg = Release|Any CPU
		{AB834C81-E3A2-4B57-8A95-603B83C35BC4}.Release|Any CPU.Build.0 = Release|Any CPU
		{EF9CF54F-6E80-453C-B4BD-20C18B7821E9}.Debug|Any CPU.ActiveCfg = Debug|Any CPU
		{EF9CF54F-6E80-453C-B4BD-20C18B7821E9}.Debug|Any CPU.Build.0 = Debug|Any CPU
		{EF9CF54F-6E80-453C-B4BD-20C18B7821E9}.Release|Any CPU.ActiveCfg = Release|Any CPU
		{EF9CF54F-6E80-453C-B4BD-20C18B7821E9}.Release|Any CPU.Build.0 = Release|Any CPU
	EndGlobalSection
	GlobalSection(SolutionProperties) = preSolution
		HideSolutionNode = FALSE
	EndGlobalSection
	GlobalSection(ExtensibilityGlobals) = postSolution
		SolutionGuid = {3055131E-8582-4BE4-A56F-093A4AFEDF1C}
	EndGlobalSection
EndGlobal
